
Microsoft Visual Studio Solution File, Format Version 12.00
# Visual Studio 15
VisualStudioVersion = 15.0.28307.421
MinimumVisualStudioVersion = 10.0.40219.1
Project("{FAE04EC0-301F-11D3-BF4B-00C04F79EFBC}") = "BoxApplication", "BoxApplication\BoxApplication.csproj", "{A2F7D8EA-A251-40A5-B2A5-19A0C56058EA}"
EndProject
Global
	GlobalSection(SolutionConfigurationPlatforms) = preSolution
		Debug|Any CPU = Debug|Any CPU
		Release|Any CPU = Release|Any CPU
	EndGlobalSection
	GlobalSection(ProjectConfigurationPlatforms) = postSolution
		{A2F7D8EA-A251-40A5-B2A5-19A0C56058EA}.Debug|Any CPU.ActiveCfg = Debug|Any CPU
		{A2F7D8EA-A251-40A5-B2A5-19A0C56058EA}.Debug|Any CPU.Build.0 = Debug|Any CPU
		{A2F7D8EA-A251-40A5-B2A5-19A0C56058EA}.Release|Any CPU.ActiveCfg = Release|Any CPU
		{A2F7D8EA-A251-40A5-B2A5-19A0C56058EA}.Release|Any CPU.Build.0 = Release|Any CPU
	EndGlobalSection
	GlobalSection(SolutionProperties) = preSolution
		HideSolutionNode = FALSE
	EndGlobalSection
	GlobalSection(ExtensibilityGlobals) = postSolution
		SolutionGuid = {D0A1A3B9-2815-48C1-B5BC-E1AC4098ACFD}
	EndGlobalSection
EndGlobal
